
Microsoft Visual Studio Solution File, Format Version 12.00
# Visual Studio Version 16
VisualStudioVersion = 16.0.34031.81
MinimumVisualStudioVersion = 10.0.40219.1
Project("{FAE04EC0-301F-11D3-BF4B-00C04F79EFBC}") = "2", "2.csproj", "{C2BA4B59-E1F5-4BA6-9D67-B38B86C3836A}"
EndProject
Global
	GlobalSection(SolutionConfigurationPlatforms) = preSolution
		Debug|Any CPU = Debug|Any CPU
		Release|Any CPU = Release|Any CPU
	EndGlobalSection
	GlobalSection(ProjectConfigurationPlatforms) = postSolution
		{C2BA4B59-E1F5-4BA6-9D67-B38B86C3836A}.Debug|Any CPU.ActiveCfg = Debug|Any CPU
		{C2BA4B59-E1F5-4BA6-9D67-B38B86C3836A}.Debug|Any CPU.Build.0 = Debug|Any CPU
		{C2BA4B59-E1F5-4BA6-9D67-B38B86C3836A}.Release|Any CPU.ActiveCfg = Release|Any CPU
		{C2BA4B59-E1F5-4BA6-9D67-B38B86C3836A}.Release|Any CPU.Build.0 = Release|Any CPU
	EndGlobalSection
	GlobalSection(SolutionProperties) = preSolution
		HideSolutionNode = FALSE
	EndGlobalSection
	GlobalSection(ExtensibilityGlobals) = postSolution
		SolutionGuid = {FFDC0B0F-0F71-4A43-989B-CD53ED50FF85}
	EndGlobalSection
EndGlobal
