
Microsoft Visual Studio Solution File, Format Version 12.00
# Visual Studio Version 17
VisualStudioVersion = 17.7.34024.191
MinimumVisualStudioVersion = 10.0.40219.1
Project("{FAE04EC0-301F-11D3-BF4B-00C04F79EFBC}") = "DoAnCuoiKy", "DoAnCuoiKy\DoAnCuoiKy.csproj", "{57E168A0-3AA9-4217-BA73-1DA0E613F1DE}"
EndProject
Global
	GlobalSection(SolutionConfigurationPlatforms) = preSolution
		Debug|Any CPU = Debug|Any CPU
		Release|Any CPU = Release|Any CPU
	EndGlobalSection
	GlobalSection(ProjectConfigurationPlatforms) = postSolution
		{57E168A0-3AA9-4217-BA73-1DA0E613F1DE}.Debug|Any CPU.ActiveCfg = Debug|Any CPU
		{57E168A0-3AA9-4217-BA73-1DA0E613F1DE}.Debug|Any CPU.Build.0 = Debug|Any CPU
		{57E168A0-3AA9-4217-BA73-1DA0E613F1DE}.Release|Any CPU.ActiveCfg = Release|Any CPU
		{57E168A0-3AA9-4217-BA73-1DA0E613F1DE}.Release|Any CPU.Build.0 = Release|Any CPU
	EndGlobalSection
	GlobalSection(SolutionProperties) = preSolution
		HideSolutionNode = FALSE
	EndGlobalSection
	GlobalSection(ExtensibilityGlobals) = postSolution
		SolutionGuid = {F22140DA-BB06-4076-8DD7-72904D7E251B}
	EndGlobalSection
EndGlobal
