
Microsoft Visual Studio Solution File, Format Version 12.00
# Visual Studio Version 16
VisualStudioVersion = 16.0.34031.81
MinimumVisualStudioVersion = 10.0.40219.1
Project("{FAE04EC0-301F-11D3-BF4B-00C04F79EFBC}") = "DoAnCuoiKi", "DoAnCuoiKi.csproj", "{99EBE126-9C26-4989-BE5A-EB23E8EE2642}"
EndProject
Global
	GlobalSection(SolutionConfigurationPlatforms) = preSolution
		Debug|Any CPU = Debug|Any CPU
		Release|Any CPU = Release|Any CPU
	EndGlobalSection
	GlobalSection(ProjectConfigurationPlatforms) = postSolution
		{99EBE126-9C26-4989-BE5A-EB23E8EE2642}.Debug|Any CPU.ActiveCfg = Debug|Any CPU
		{99EBE126-9C26-4989-BE5A-EB23E8EE2642}.Debug|Any CPU.Build.0 = Debug|Any CPU
		{99EBE126-9C26-4989-BE5A-EB23E8EE2642}.Release|Any CPU.ActiveCfg = Release|Any CPU
		{99EBE126-9C26-4989-BE5A-EB23E8EE2642}.Release|Any CPU.Build.0 = Release|Any CPU
	EndGlobalSection
	GlobalSection(SolutionProperties) = preSolution
		HideSolutionNode = FALSE
	EndGlobalSection
	GlobalSection(ExtensibilityGlobals) = postSolution
		SolutionGuid = {FCD1FC7D-6DE0-4804-ADF1-5D0B030338B1}
	EndGlobalSection
EndGlobal
